
Microsoft Visual Studio Solution File, Format Version 12.00
# Visual Studio Version 16
VisualStudioVersion = 16.0.30104.148
MinimumVisualStudioVersion = 10.0.40219.1
Project("{8BC9CEB8-8B4A-11D0-8D11-00A0C91BC942}") = "Lecture1", "Lecture1\Lecture1.vcxproj", "{CF5AEA88-5E01-4844-96CF-ADA50372759D}"
EndProject
Project("{8BC9CEB8-8B4A-11D0-8D11-00A0C91BC942}") = "Lecture3", "Lecture3\Lecture3.vcxproj", "{96C661C0-1CFB-430F-8FB6-F0FB4EFF5FFE}"
EndProject
Project("{8BC9CEB8-8B4A-11D0-8D11-00A0C91BC942}") = "Lecture4", "Lecture4\Lecture4.vcxproj", "{6890C9C4-9D05-4F7E-AE0F-5BAE0FB0BEE9}"
EndProject
Project("{8BC9CEB8-8B4A-11D0-8D11-00A0C91BC942}") = "Lecture5", "Lecture5\Lecture5.vcxproj", "{A701BB76-93C9-4C64-94D8-361F5C375DC3}"
EndProject
Project("{8BC9CEB8-8B4A-11D0-8D11-00A0C91BC942}") = "Lecture6", "Lecture6\Lecture6.vcxproj", "{B6330A31-B2B0-4350-9253-3DCCB1F29C6F}"
EndProject
Project("{8BC9CEB8-8B4A-11D0-8D11-00A0C91BC942}") = "Lecture7", "Lecture7\Lecture7.vcxproj", "{A843126D-E884-4492-AC3F-C5E91A98D2F0}"
EndProject
Project("{8BC9CEB8-8B4A-11D0-8D11-00A0C91BC942}") = "Lecture8", "Lecture8\Lecture8.vcxproj", "{400C3D7A-A650-489C-AC39-4FFBD840497A}"
EndProject
Project("{8BC9CEB8-8B4A-11D0-8D11-00A0C91BC942}") = "Lecture9", "Lecture9\Lecture9.vcxproj", "{048DF29C-5027-40D8-968B-3F3CFF5C13C1}"
EndProject
Project("{8BC9CEB8-8B4A-11D0-8D11-00A0C91BC942}") = "Lecture10", "Lecture10\Lecture10.vcxproj", "{1E458AEC-8DBD-4A29-AE2D-E8431DE1D721}"
EndProject
Project("{8BC9CEB8-8B4A-11D0-8D11-00A0C91BC942}") = "Lecture11", "Lecture11\Lecture11.vcxproj", "{B70B0ADA-A5B8-444F-8501-DDEF332C0054}"
EndProject
Project("{8BC9CEB8-8B4A-11D0-8D11-00A0C91BC942}") = "Lecture12_1", "Lecture12\Lecture12.vcxproj", "{10233445-AE91-4E35-8CCD-BBA5D324EC99}"
EndProject
Project("{8BC9CEB8-8B4A-11D0-8D11-00A0C91BC942}") = "Lecture13", "Lecture13\Lecture13.vcxproj", "{287FCA3C-9A37-4BBA-8B41-FED5EA47FF33}"
EndProject
Project("{8BC9CEB8-8B4A-11D0-8D11-00A0C91BC942}") = "Lecture15_1", "Lecture14\Lecture14.vcxproj", "{157F8A48-8094-4C06-81B6-4F9AF61A113B}"
EndProject
Project("{8BC9CEB8-8B4A-11D0-8D11-00A0C91BC942}") = "Lecture15_2", "Lecture15_2\Lecture15_2.vcxproj", "{761DF538-6004-4B2D-9F9D-249810D2F526}"
EndProject
Project("{8BC9CEB8-8B4A-11D0-8D11-00A0C91BC942}") = "Lecture16", "Lecture16\Lecture16.vcxproj", "{654BAE21-02FB-4C51-9589-4C1DF46CB1B3}"
EndProject
Project("{8BC9CEB8-8B4A-11D0-8D11-00A0C91BC942}") = "Lecture17_1", "Lecture17\Lecture17.vcxproj", "{B63F0AE7-3452-41B8-A2FE-CA2CCE74C4E5}"
EndProject
Project("{8BC9CEB8-8B4A-11D0-8D11-00A0C91BC942}") = "Lecture17_2", "Lecture17_2\Lecture17_2.vcxproj", "{4EF69297-A24A-4E8D-91B0-9975C4D8AD41}"
EndProject
Project("{8BC9CEB8-8B4A-11D0-8D11-00A0C91BC942}") = "Lecture18_problem", "Lecture18_problem\Lecture18_problem.vcxproj", "{3F434A0B-EA49-4A11-B6D1-55D8CD97D843}"
EndProject
Global
	GlobalSection(SolutionConfigurationPlatforms) = preSolution
		Debug|x64 = Debug|x64
		Debug|x86 = Debug|x86
		Release|x64 = Release|x64
		Release|x86 = Release|x86
	EndGlobalSection
	GlobalSection(ProjectConfigurationPlatforms) = postSolution
		{CF5AEA88-5E01-4844-96CF-ADA50372759D}.Debug|x64.ActiveCfg = Debug|x64
		{CF5AEA88-5E01-4844-96CF-ADA50372759D}.Debug|x64.Build.0 = Debug|x64
		{CF5AEA88-5E01-4844-96CF-ADA50372759D}.Debug|x86.ActiveCfg = Debug|Win32
		{CF5AEA88-5E01-4844-96CF-ADA50372759D}.Debug|x86.Build.0 = Debug|Win32
		{CF5AEA88-5E01-4844-96CF-ADA50372759D}.Release|x64.ActiveCfg = Release|x64
		{CF5AEA88-5E01-4844-96CF-ADA50372759D}.Release|x64.Build.0 = Release|x64
		{CF5AEA88-5E01-4844-96CF-ADA50372759D}.Release|x86.ActiveCfg = Release|Win32
		{CF5AEA88-5E01-4844-96CF-ADA50372759D}.Release|x86.Build.0 = Release|Win32
		{96C661C0-1CFB-430F-8FB6-F0FB4EFF5FFE}.Debug|x64.ActiveCfg = Debug|x64
		{96C661C0-1CFB-430F-8FB6-F0FB4EFF5FFE}.Debug|x64.Build.0 = Debug|x64
		{96C661C0-1CFB-430F-8FB6-F0FB4EFF5FFE}.Debug|x86.ActiveCfg = Debug|Win32
		{96C661C0-1CFB-430F-8FB6-F0FB4EFF5FFE}.Debug|x86.Build.0 = Debug|Win32
		{96C661C0-1CFB-430F-8FB6-F0FB4EFF5FFE}.Release|x64.ActiveCfg = Release|x64
		{96C661C0-1CFB-430F-8FB6-F0FB4EFF5FFE}.Release|x64.Build.0 = Release|x64
		{96C661C0-1CFB-430F-8FB6-F0FB4EFF5FFE}.Release|x86.ActiveCfg = Release|Win32
		{96C661C0-1CFB-430F-8FB6-F0FB4EFF5FFE}.Release|x86.Build.0 = Release|Win32
		{6890C9C4-9D05-4F7E-AE0F-5BAE0FB0BEE9}.Debug|x64.ActiveCfg = Debug|x64
		{6890C9C4-9D05-4F7E-AE0F-5BAE0FB0BEE9}.Debug|x64.Build.0 = Debug|x64
		{6890C9C4-9D05-4F7E-AE0F-5BAE0FB0BEE9}.Debug|x86.ActiveCfg = Debug|Win32
		{6890C9C4-9D05-4F7E-AE0F-5BAE0FB0BEE9}.Debug|x86.Build.0 = Debug|Win32
		{6890C9C4-9D05-4F7E-AE0F-5BAE0FB0BEE9}.Release|x64.ActiveCfg = Release|x64
		{6890C9C4-9D05-4F7E-AE0F-5BAE0FB0BEE9}.Release|x64.Build.0 = Release|x64
		{6890C9C4-9D05-4F7E-AE0F-5BAE0FB0BEE9}.Release|x86.ActiveCfg = Release|Win32
		{6890C9C4-9D05-4F7E-AE0F-5BAE0FB0BEE9}.Release|x86.Build.0 = Release|Win32
		{A701BB76-93C9-4C64-94D8-361F5C375DC3}.Debug|x64.ActiveCfg = Debug|x64
		{A701BB76-93C9-4C64-94D8-361F5C375DC3}.Debug|x64.Build.0 = Debug|x64
		{A701BB76-93C9-4C64-94D8-361F5C375DC3}.Debug|x86.ActiveCfg = Debug|Win32
		{A701BB76-93C9-4C64-94D8-361F5C375DC3}.Debug|x86.Build.0 = Debug|Win32
		{A701BB76-93C9-4C64-94D8-361F5C375DC3}.Release|x64.ActiveCfg = Release|x64
		{A701BB76-93C9-4C64-94D8-361F5C375DC3}.Release|x64.Build.0 = Release|x64
		{A701BB76-93C9-4C64-94D8-361F5C375DC3}.Release|x86.ActiveCfg = Release|Win32
		{A701BB76-93C9-4C64-94D8-361F5C375DC3}.Release|x86.Build.0 = Release|Win32
		{B6330A31-B2B0-4350-9253-3DCCB1F29C6F}.Debug|x64.ActiveCfg = Debug|x64
		{B6330A31-B2B0-4350-9253-3DCCB1F29C6F}.Debug|x64.Build.0 = Debug|x64
		{B6330A31-B2B0-4350-9253-3DCCB1F29C6F}.Debug|x86.ActiveCfg = Debug|Win32
		{B6330A31-B2B0-4350-9253-3DCCB1F29C6F}.Debug|x86.Build.0 = Debug|Win32
		{B6330A31-B2B0-4350-9253-3DCCB1F29C6F}.Release|x64.ActiveCfg = Release|x64
		{B6330A31-B2B0-4350-9253-3DCCB1F29C6F}.Release|x64.Build.0 = Release|x64
		{B6330A31-B2B0-4350-9253-3DCCB1F29C6F}.Release|x86.ActiveCfg = Release|Win32
		{B6330A31-B2B0-4350-9253-3DCCB1F29C6F}.Release|x86.Build.0 = Release|Win32
		{A843126D-E884-4492-AC3F-C5E91A98D2F0}.Debug|x64.ActiveCfg = Debug|x64
		{A843126D-E884-4492-AC3F-C5E91A98D2F0}.Debug|x64.Build.0 = Debug|x64
		{A843126D-E884-4492-AC3F-C5E91A98D2F0}.Debug|x86.ActiveCfg = Debug|Win32
		{A843126D-E884-4492-AC3F-C5E91A98D2F0}.Debug|x86.Build.0 = Debug|Win32
		{A843126D-E884-4492-AC3F-C5E91A98D2F0}.Release|x64.ActiveCfg = Release|x64
		{A843126D-E884-4492-AC3F-C5E91A98D2F0}.Release|x64.Build.0 = Release|x64
		{A843126D-E884-4492-AC3F-C5E91A98D2F0}.Release|x86.ActiveCfg = Release|Win32
		{A843126D-E884-4492-AC3F-C5E91A98D2F0}.Release|x86.Build.0 = Release|Win32
		{400C3D7A-A650-489C-AC39-4FFBD840497A}.Debug|x64.ActiveCfg = Debug|x64
		{400C3D7A-A650-489C-AC39-4FFBD840497A}.Debug|x64.Build.0 = Debug|x64
		{400C3D7A-A650-489C-AC39-4FFBD840497A}.Debug|x86.ActiveCfg = Debug|Win32
		{400C3D7A-A650-489C-AC39-4FFBD840497A}.Debug|x86.Build.0 = Debug|Win32
		{400C3D7A-A650-489C-AC39-4FFBD840497A}.Release|x64.ActiveCfg = Release|x64
		{400C3D7A-A650-489C-AC39-4FFBD840497A}.Release|x64.Build.0 = Release|x64
		{400C3D7A-A650-489C-AC39-4FFBD840497A}.Release|x86.ActiveCfg = Release|Win32
		{400C3D7A-A650-489C-AC39-4FFBD840497A}.Release|x86.Build.0 = Release|Win32
		{048DF29C-5027-40D8-968B-3F3CFF5C13C1}.Debug|x64.ActiveCfg = Debug|x64
		{048DF29C-5027-40D8-968B-3F3CFF5C13C1}.Debug|x64.Build.0 = Debug|x64
		{048DF29C-5027-40D8-968B-3F3CFF5C13C1}.Debug|x86.ActiveCfg = Debug|Win32
		{048DF29C-5027-40D8-968B-3F3CFF5C13C1}.Debug|x86.Build.0 = Debug|Win32
		{048DF29C-5027-40D8-968B-3F3CFF5C13C1}.Release|x64.ActiveCfg = Release|x64
		{048DF29C-5027-40D8-968B-3F3CFF5C13C1}.Release|x64.Build.0 = Release|x64
		{048DF29C-5027-40D8-968B-3F3CFF5C13C1}.Release|x86.ActiveCfg = Release|Win32
		{048DF29C-5027-40D8-968B-3F3CFF5C13C1}.Release|x86.Build.0 = Release|Win32
		{1E458AEC-8DBD-4A29-AE2D-E8431DE1D721}.Debug|x64.ActiveCfg = Debug|x64
		{1E458AEC-8DBD-4A29-AE2D-E8431DE1D721}.Debug|x64.Build.0 = Debug|x64
		{1E458AEC-8DBD-4A29-AE2D-E8431DE1D721}.Debug|x86.ActiveCfg = Debug|Win32
		{1E458AEC-8DBD-4A29-AE2D-E8431DE1D721}.Debug|x86.Build.0 = Debug|Win32
		{1E458AEC-8DBD-4A29-AE2D-E8431DE1D721}.Release|x64.ActiveCfg = Release|x64
		{1E458AEC-8DBD-4A29-AE2D-E8431DE1D721}.Release|x64.Build.0 = Release|x64
		{1E458AEC-8DBD-4A29-AE2D-E8431DE1D721}.Release|x86.ActiveCfg = Release|Win32
		{1E458AEC-8DBD-4A29-AE2D-E8431DE1D721}.Release|x86.Build.0 = Release|Win32
		{B70B0ADA-A5B8-444F-8501-DDEF332C0054}.Debug|x64.ActiveCfg = Debug|x64
		{B70B0ADA-A5B8-444F-8501-DDEF332C0054}.Debug|x64.Build.0 = Debug|x64
		{B70B0ADA-A5B8-444F-8501-DDEF332C0054}.Debug|x86.ActiveCfg = Debug|Win32
		{B70B0ADA-A5B8-444F-8501-DDEF332C0054}.Debug|x86.Build.0 = Debug|Win32
		{B70B0ADA-A5B8-444F-8501-DDEF332C0054}.Release|x64.ActiveCfg = Release|x64
		{B70B0ADA-A5B8-444F-8501-DDEF332C0054}.Release|x64.Build.0 = Release|x64
		{B70B0ADA-A5B8-444F-8501-DDEF332C0054}.Release|x86.ActiveCfg = Release|Win32
		{B70B0ADA-A5B8-444F-8501-DDEF332C0054}.Release|x86.Build.0 = Release|Win32
		{10233445-AE91-4E35-8CCD-BBA5D324EC99}.Debug|x64.ActiveCfg = Debug|x64
		{10233445-AE91-4E35-8CCD-BBA5D324EC99}.Debug|x64.Build.0 = Debug|x64
		{10233445-AE91-4E35-8CCD-BBA5D324EC99}.Debug|x86.ActiveCfg = Debug|Win32
		{10233445-AE91-4E35-8CCD-BBA5D324EC99}.Debug|x86.Build.0 = Debug|Win32
		{10233445-AE91-4E35-8CCD-BBA5D324EC99}.Release|x64.ActiveCfg = Release|x64
		{10233445-AE91-4E35-8CCD-BBA5D324EC99}.Release|x64.Build.0 = Release|x64
		{10233445-AE91-4E35-8CCD-BBA5D324EC99}.Release|x86.ActiveCfg = Release|Win32
		{10233445-AE91-4E35-8CCD-BBA5D324EC99}.Release|x86.Build.0 = Release|Win32
		{287FCA3C-9A37-4BBA-8B41-FED5EA47FF33}.Debug|x64.ActiveCfg = Debug|x64
		{287FCA3C-9A37-4BBA-8B41-FED5EA47FF33}.Debug|x64.Build.0 = Debug|x64
		{287FCA3C-9A37-4BBA-8B41-FED5EA47FF33}.Debug|x86.ActiveCfg = Debug|Win32
		{287FCA3C-9A37-4BBA-8B41-FED5EA47FF33}.Debug|x86.Build.0 = Debug|Win32
		{287FCA3C-9A37-4BBA-8B41-FED5EA47FF33}.Release|x64.ActiveCfg = Release|x64
		{287FCA3C-9A37-4BBA-8B41-FED5EA47FF33}.Release|x64.Build.0 = Release|x64
		{287FCA3C-9A37-4BBA-8B41-FED5EA47FF33}.Release|x86.ActiveCfg = Release|Win32
		{287FCA3C-9A37-4BBA-8B41-FED5EA47FF33}.Release|x86.Build.0 = Release|Win32
		{157F8A48-8094-4C06-81B6-4F9AF61A113B}.Debug|x64.ActiveCfg = Debug|x64
		{157F8A48-8094-4C06-81B6-4F9AF61A113B}.Debug|x64.Build.0 = Debug|x64
		{157F8A48-8094-4C06-81B6-4F9AF61A113B}.Debug|x86.ActiveCfg = Debug|Win32
		{157F8A48-8094-4C06-81B6-4F9AF61A113B}.Debug|x86.Build.0 = Debug|Win32
		{157F8A48-8094-4C06-81B6-4F9AF61A113B}.Release|x64.ActiveCfg = Release|x64
		{157F8A48-8094-4C06-81B6-4F9AF61A113B}.Release|x64.Build.0 = Release|x64
		{157F8A48-8094-4C06-81B6-4F9AF61A113B}.Release|x86.ActiveCfg = Release|Win32
		{157F8A48-8094-4C06-81B6-4F9AF61A113B}.Release|x86.Build.0 = Release|Win32
		{761DF538-6004-4B2D-9F9D-249810D2F526}.Debug|x64.ActiveCfg = Debug|x64
		{761DF538-6004-4B2D-9F9D-249810D2F526}.Debug|x64.Build.0 = Debug|x64
		{761DF538-6004-4B2D-9F9D-249810D2F526}.Debug|x86.ActiveCfg = Debug|Win32
		{761DF538-6004-4B2D-9F9D-249810D2F526}.Debug|x86.Build.0 = Debug|Win32
		{761DF538-6004-4B2D-9F9D-249810D2F526}.Release|x64.ActiveCfg = Release|x64
		{761DF538-6004-4B2D-9F9D-249810D2F526}.Release|x64.Build.0 = Release|x64
		{761DF538-6004-4B2D-9F9D-249810D2F526}.Release|x86.ActiveCfg = Release|Win32
		{761DF538-6004-4B2D-9F9D-249810D2F526}.Release|x86.Build.0 = Release|Win32
		{654BAE21-02FB-4C51-9589-4C1DF46CB1B3}.Debug|x64.ActiveCfg = Debug|x64
		{654BAE21-02FB-4C51-9589-4C1DF46CB1B3}.Debug|x64.Build.0 = Debug|x64
		{654BAE21-02FB-4C51-9589-4C1DF46CB1B3}.Debug|x86.ActiveCfg = Debug|Win32
		{654BAE21-02FB-4C51-9589-4C1DF46CB1B3}.Debug|x86.Build.0 = Debug|Win32
		{654BAE21-02FB-4C51-9589-4C1DF46CB1B3}.Release|x64.ActiveCfg = Release|x64
		{654BAE21-02FB-4C51-9589-4C1DF46CB1B3}.Release|x64.Build.0 = Release|x64
		{654BAE21-02FB-4C51-9589-4C1DF46CB1B3}.Release|x86.ActiveCfg = Release|Win32
		{654BAE21-02FB-4C51-9589-4C1DF46CB1B3}.Release|x86.Build.0 = Release|Win32
		{B63F0AE7-3452-41B8-A2FE-CA2CCE74C4E5}.Debug|x64.ActiveCfg = Debug|x64
		{B63F0AE7-3452-41B8-A2FE-CA2CCE74C4E5}.Debug|x64.Build.0 = Debug|x64
		{B63F0AE7-3452-41B8-A2FE-CA2CCE74C4E5}.Debug|x86.ActiveCfg = Debug|Win32
		{B63F0AE7-3452-41B8-A2FE-CA2CCE74C4E5}.Debug|x86.Build.0 = Debug|Win32
		{B63F0AE7-3452-41B8-A2FE-CA2CCE74C4E5}.Release|x64.ActiveCfg = Release|x64
		{B63F0AE7-3452-41B8-A2FE-CA2CCE74C4E5}.Release|x64.Build.0 = Release|x64
		{B63F0AE7-3452-41B8-A2FE-CA2CCE74C4E5}.Release|x86.ActiveCfg = Release|Win32
		{B63F0AE7-3452-41B8-A2FE-CA2CCE74C4E5}.Release|x86.Build.0 = Release|Win32
		{4EF69297-A24A-4E8D-91B0-9975C4D8AD41}.Debug|x64.ActiveCfg = Debug|x64
		{4EF69297-A24A-4E8D-91B0-9975C4D8AD41}.Debug|x64.Build.0 = Debug|x64
		{4EF69297-A24A-4E8D-91B0-9975C4D8AD41}.Debug|x86.ActiveCfg = Debug|Win32
		{4EF69297-A24A-4E8D-91B0-9975C4D8AD41}.Debug|x86.Build.0 = Debug|Win32
		{4EF69297-A24A-4E8D-91B0-9975C4D8AD41}.Release|x64.ActiveCfg = Release|x64
		{4EF69297-A24A-4E8D-91B0-9975C4D8AD41}.Release|x64.Build.0 = Release|x64
		{4EF69297-A24A-4E8D-91B0-9975C4D8AD41}.Release|x86.ActiveCfg = Release|Win32
		{4EF69297-A24A-4E8D-91B0-9975C4D8AD41}.Release|x86.Build.0 = Release|Win32
		{3F434A0B-EA49-4A11-B6D1-55D8CD97D843}.Debug|x64.ActiveCfg = Debug|x64
		{3F434A0B-EA49-4A11-B6D1-55D8CD97D843}.Debug|x64.Build.0 = Debug|x64
		{3F434A0B-EA49-4A11-B6D1-55D8CD97D843}.Debug|x86.ActiveCfg = Debug|Win32
		{3F434A0B-EA49-4A11-B6D1-55D8CD97D843}.Debug|x86.Build.0 = Debug|Win32
		{3F434A0B-EA49-4A11-B6D1-55D8CD97D843}.Release|x64.ActiveCfg = Release|x64
		{3F434A0B-EA49-4A11-B6D1-55D8CD97D843}.Release|x64.Build.0 = Release|x64
		{3F434A0B-EA49-4A11-B6D1-55D8CD97D843}.Release|x86.ActiveCfg = Release|Win32
		{3F434A0B-EA49-4A11-B6D1-55D8CD97D843}.Release|x86.Build.0 = Release|Win32
	EndGlobalSection
	GlobalSection(SolutionProperties) = preSolution
		HideSolutionNode = FALSE
	EndGlobalSection
	GlobalSection(ExtensibilityGlobals) = postSolution
		SolutionGuid = {8C0E6445-7C6A-4B94-9A98-FC25C24A805A}
	EndGlobalSection
EndGlobal
