
Microsoft Visual Studio Solution File, Format Version 12.00
# Visual Studio Version 16
VisualStudioVersion = 16.0.30104.148
MinimumVisualStudioVersion = 10.0.40219.1
Project("{8BC9CEB8-8B4A-11D0-8D11-00A0C91BC942}") = "Lecture01", "Lecture01\Lecture01.vcxproj", "{A447B116-8364-4C12-9887-B177A5E9224D}"
EndProject
Project("{8BC9CEB8-8B4A-11D0-8D11-00A0C91BC942}") = "Lecture02", "Lecture02\Lecture02.vcxproj", "{CB75D905-344E-4767-A39E-1E34682C846E}"
EndProject
Project("{8BC9CEB8-8B4A-11D0-8D11-00A0C91BC942}") = "Lecture03", "Lecture03\Lecture03.vcxproj", "{BE64DB0E-61BF-4D0D-BBB6-78EB41A8EA06}"
EndProject
Project("{8BC9CEB8-8B4A-11D0-8D11-00A0C91BC942}") = "Lecture04", "Lecture04\Lecture04.vcxproj", "{2919D3FF-3C57-48D0-B731-6A88E2CB3EBC}"
EndProject
Project("{8BC9CEB8-8B4A-11D0-8D11-00A0C91BC942}") = "Lecture06", "Lecture06\Lecture06.vcxproj", "{7CCC30AA-5D72-4B75-913C-7E5B15EB9630}"
EndProject
Project("{8BC9CEB8-8B4A-11D0-8D11-00A0C91BC942}") = "Lecture07", "Lecture07\Lecture07.vcxproj", "{0933B7C5-B2AE-4A15-AF35-746E47DEEE4B}"
EndProject
Project("{8BC9CEB8-8B4A-11D0-8D11-00A0C91BC942}") = "Lecture08", "Lecture08\Lecture08.vcxproj", "{DF23339E-F515-40C7-9EF9-25C8D12E465D}"
EndProject
Project("{8BC9CEB8-8B4A-11D0-8D11-00A0C91BC942}") = "Lecture09", "Lecture09\Lecture09.vcxproj", "{8FB3E722-6D19-4D27-B146-576D8D2F5F8C}"
EndProject
Project("{8BC9CEB8-8B4A-11D0-8D11-00A0C91BC942}") = "Lecture10", "Lecture10\Lecture10.vcxproj", "{F34BA3C6-D189-4335-8A3A-5F5F465FB8E9}"
EndProject
Project("{8BC9CEB8-8B4A-11D0-8D11-00A0C91BC942}") = "Lecture11", "Lecture11\Lecture11.vcxproj", "{62751828-CEDE-4FE7-A0EC-E81D6100E149}"
EndProject
Project("{8BC9CEB8-8B4A-11D0-8D11-00A0C91BC942}") = "Lecture13", "Lecture13\Lecture13.vcxproj", "{D51670BE-BDA2-4BD6-A47D-36D8E5085DA4}"
EndProject
Project("{8BC9CEB8-8B4A-11D0-8D11-00A0C91BC942}") = "Lecture14", "Lecture14\Lecture14.vcxproj", "{122F8A9E-6A60-4DCA-83E3-C9CC95FE3325}"
EndProject
Project("{8BC9CEB8-8B4A-11D0-8D11-00A0C91BC942}") = "Lecture15", "Lecture15\Lecture15.vcxproj", "{0C07346E-C0F5-4059-A911-84E1492B83A1}"
EndProject
Project("{8BC9CEB8-8B4A-11D0-8D11-00A0C91BC942}") = "Lecture16", "Lecture16\Lecture16.vcxproj", "{23D75AD0-7F9A-4B13-B2C8-8BD49230B54B}"
EndProject
Project("{8BC9CEB8-8B4A-11D0-8D11-00A0C91BC942}") = "Lecture17", "Lecture17\Lecture17.vcxproj", "{D3DCE8C6-5478-4A6C-81D0-495A804535D6}"
EndProject
Project("{8BC9CEB8-8B4A-11D0-8D11-00A0C91BC942}") = "Lecture18", "Lecture18\Lecture18.vcxproj", "{8053FF18-4620-4FE2-ADE8-D90D90C3A8DD}"
EndProject
Global
	GlobalSection(SolutionConfigurationPlatforms) = preSolution
		Debug|x64 = Debug|x64
		Debug|x86 = Debug|x86
		Release|x64 = Release|x64
		Release|x86 = Release|x86
	EndGlobalSection
	GlobalSection(ProjectConfigurationPlatforms) = postSolution
		{A447B116-8364-4C12-9887-B177A5E9224D}.Debug|x64.ActiveCfg = Debug|x64
		{A447B116-8364-4C12-9887-B177A5E9224D}.Debug|x64.Build.0 = Debug|x64
		{A447B116-8364-4C12-9887-B177A5E9224D}.Debug|x86.ActiveCfg = Debug|Win32
		{A447B116-8364-4C12-9887-B177A5E9224D}.Debug|x86.Build.0 = Debug|Win32
		{A447B116-8364-4C12-9887-B177A5E9224D}.Release|x64.ActiveCfg = Release|x64
		{A447B116-8364-4C12-9887-B177A5E9224D}.Release|x64.Build.0 = Release|x64
		{A447B116-8364-4C12-9887-B177A5E9224D}.Release|x86.ActiveCfg = Release|Win32
		{A447B116-8364-4C12-9887-B177A5E9224D}.Release|x86.Build.0 = Release|Win32
		{CB75D905-344E-4767-A39E-1E34682C846E}.Debug|x64.ActiveCfg = Debug|x64
		{CB75D905-344E-4767-A39E-1E34682C846E}.Debug|x64.Build.0 = Debug|x64
		{CB75D905-344E-4767-A39E-1E34682C846E}.Debug|x86.ActiveCfg = Debug|Win32
		{CB75D905-344E-4767-A39E-1E34682C846E}.Debug|x86.Build.0 = Debug|Win32
		{CB75D905-344E-4767-A39E-1E34682C846E}.Release|x64.ActiveCfg = Release|x64
		{CB75D905-344E-4767-A39E-1E34682C846E}.Release|x64.Build.0 = Release|x64
		{CB75D905-344E-4767-A39E-1E34682C846E}.Release|x86.ActiveCfg = Release|Win32
		{CB75D905-344E-4767-A39E-1E34682C846E}.Release|x86.Build.0 = Release|Win32
		{BE64DB0E-61BF-4D0D-BBB6-78EB41A8EA06}.Debug|x64.ActiveCfg = Debug|x64
		{BE64DB0E-61BF-4D0D-BBB6-78EB41A8EA06}.Debug|x64.Build.0 = Debug|x64
		{BE64DB0E-61BF-4D0D-BBB6-78EB41A8EA06}.Debug|x86.ActiveCfg = Debug|Win32
		{BE64DB0E-61BF-4D0D-BBB6-78EB41A8EA06}.Debug|x86.Build.0 = Debug|Win32
		{BE64DB0E-61BF-4D0D-BBB6-78EB41A8EA06}.Release|x64.ActiveCfg = Release|x64
		{BE64DB0E-61BF-4D0D-BBB6-78EB41A8EA06}.Release|x64.Build.0 = Release|x64
		{BE64DB0E-61BF-4D0D-BBB6-78EB41A8EA06}.Release|x86.ActiveCfg = Release|Win32
		{BE64DB0E-61BF-4D0D-BBB6-78EB41A8EA06}.Release|x86.Build.0 = Release|Win32
		{2919D3FF-3C57-48D0-B731-6A88E2CB3EBC}.Debug|x64.ActiveCfg = Debug|x64
		{2919D3FF-3C57-48D0-B731-6A88E2CB3EBC}.Debug|x64.Build.0 = Debug|x64
		{2919D3FF-3C57-48D0-B731-6A88E2CB3EBC}.Debug|x86.ActiveCfg = Debug|Win32
		{2919D3FF-3C57-48D0-B731-6A88E2CB3EBC}.Debug|x86.Build.0 = Debug|Win32
		{2919D3FF-3C57-48D0-B731-6A88E2CB3EBC}.Release|x64.ActiveCfg = Release|x64
		{2919D3FF-3C57-48D0-B731-6A88E2CB3EBC}.Release|x64.Build.0 = Release|x64
		{2919D3FF-3C57-48D0-B731-6A88E2CB3EBC}.Release|x86.ActiveCfg = Release|Win32
		{2919D3FF-3C57-48D0-B731-6A88E2CB3EBC}.Release|x86.Build.0 = Release|Win32
		{7CCC30AA-5D72-4B75-913C-7E5B15EB9630}.Debug|x64.ActiveCfg = Debug|x64
		{7CCC30AA-5D72-4B75-913C-7E5B15EB9630}.Debug|x64.Build.0 = Debug|x64
		{7CCC30AA-5D72-4B75-913C-7E5B15EB9630}.Debug|x86.ActiveCfg = Debug|Win32
		{7CCC30AA-5D72-4B75-913C-7E5B15EB9630}.Debug|x86.Build.0 = Debug|Win32
		{7CCC30AA-5D72-4B75-913C-7E5B15EB9630}.Release|x64.ActiveCfg = Release|x64
		{7CCC30AA-5D72-4B75-913C-7E5B15EB9630}.Release|x64.Build.0 = Release|x64
		{7CCC30AA-5D72-4B75-913C-7E5B15EB9630}.Release|x86.ActiveCfg = Release|Win32
		{7CCC30AA-5D72-4B75-913C-7E5B15EB9630}.Release|x86.Build.0 = Release|Win32
		{0933B7C5-B2AE-4A15-AF35-746E47DEEE4B}.Debug|x64.ActiveCfg = Debug|x64
		{0933B7C5-B2AE-4A15-AF35-746E47DEEE4B}.Debug|x64.Build.0 = Debug|x64
		{0933B7C5-B2AE-4A15-AF35-746E47DEEE4B}.Debug|x86.ActiveCfg = Debug|Win32
		{0933B7C5-B2AE-4A15-AF35-746E47DEEE4B}.Debug|x86.Build.0 = Debug|Win32
		{0933B7C5-B2AE-4A15-AF35-746E47DEEE4B}.Release|x64.ActiveCfg = Release|x64
		{0933B7C5-B2AE-4A15-AF35-746E47DEEE4B}.Release|x64.Build.0 = Release|x64
		{0933B7C5-B2AE-4A15-AF35-746E47DEEE4B}.Release|x86.ActiveCfg = Release|Win32
		{0933B7C5-B2AE-4A15-AF35-746E47DEEE4B}.Release|x86.Build.0 = Release|Win32
		{DF23339E-F515-40C7-9EF9-25C8D12E465D}.Debug|x64.ActiveCfg = Debug|x64
		{DF23339E-F515-40C7-9EF9-25C8D12E465D}.Debug|x64.Build.0 = Debug|x64
		{DF23339E-F515-40C7-9EF9-25C8D12E465D}.Debug|x86.ActiveCfg = Debug|Win32
		{DF23339E-F515-40C7-9EF9-25C8D12E465D}.Debug|x86.Build.0 = Debug|Win32
		{DF23339E-F515-40C7-9EF9-25C8D12E465D}.Release|x64.ActiveCfg = Release|x64
		{DF23339E-F515-40C7-9EF9-25C8D12E465D}.Release|x64.Build.0 = Release|x64
		{DF23339E-F515-40C7-9EF9-25C8D12E465D}.Release|x86.ActiveCfg = Release|Win32
		{DF23339E-F515-40C7-9EF9-25C8D12E465D}.Release|x86.Build.0 = Release|Win32
		{8FB3E722-6D19-4D27-B146-576D8D2F5F8C}.Debug|x64.ActiveCfg = Debug|x64
		{8FB3E722-6D19-4D27-B146-576D8D2F5F8C}.Debug|x64.Build.0 = Debug|x64
		{8FB3E722-6D19-4D27-B146-576D8D2F5F8C}.Debug|x86.ActiveCfg = Debug|Win32
		{8FB3E722-6D19-4D27-B146-576D8D2F5F8C}.Debug|x86.Build.0 = Debug|Win32
		{8FB3E722-6D19-4D27-B146-576D8D2F5F8C}.Release|x64.ActiveCfg = Release|x64
		{8FB3E722-6D19-4D27-B146-576D8D2F5F8C}.Release|x64.Build.0 = Release|x64
		{8FB3E722-6D19-4D27-B146-576D8D2F5F8C}.Release|x86.ActiveCfg = Release|Win32
		{8FB3E722-6D19-4D27-B146-576D8D2F5F8C}.Release|x86.Build.0 = Release|Win32
		{F34BA3C6-D189-4335-8A3A-5F5F465FB8E9}.Debug|x64.ActiveCfg = Debug|x64
		{F34BA3C6-D189-4335-8A3A-5F5F465FB8E9}.Debug|x64.Build.0 = Debug|x64
		{F34BA3C6-D189-4335-8A3A-5F5F465FB8E9}.Debug|x86.ActiveCfg = Debug|Win32
		{F34BA3C6-D189-4335-8A3A-5F5F465FB8E9}.Debug|x86.Build.0 = Debug|Win32
		{F34BA3C6-D189-4335-8A3A-5F5F465FB8E9}.Release|x64.ActiveCfg = Release|x64
		{F34BA3C6-D189-4335-8A3A-5F5F465FB8E9}.Release|x64.Build.0 = Release|x64
		{F34BA3C6-D189-4335-8A3A-5F5F465FB8E9}.Release|x86.ActiveCfg = Release|Win32
		{F34BA3C6-D189-4335-8A3A-5F5F465FB8E9}.Release|x86.Build.0 = Release|Win32
		{62751828-CEDE-4FE7-A0EC-E81D6100E149}.Debug|x64.ActiveCfg = Debug|x64
		{62751828-CEDE-4FE7-A0EC-E81D6100E149}.Debug|x64.Build.0 = Debug|x64
		{62751828-CEDE-4FE7-A0EC-E81D6100E149}.Debug|x86.ActiveCfg = Debug|Win32
		{62751828-CEDE-4FE7-A0EC-E81D6100E149}.Debug|x86.Build.0 = Debug|Win32
		{62751828-CEDE-4FE7-A0EC-E81D6100E149}.Release|x64.ActiveCfg = Release|x64
		{62751828-CEDE-4FE7-A0EC-E81D6100E149}.Release|x64.Build.0 = Release|x64
		{62751828-CEDE-4FE7-A0EC-E81D6100E149}.Release|x86.ActiveCfg = Release|Win32
		{62751828-CEDE-4FE7-A0EC-E81D6100E149}.Release|x86.Build.0 = Release|Win32
		{D51670BE-BDA2-4BD6-A47D-36D8E5085DA4}.Debug|x64.ActiveCfg = Debug|x64
		{D51670BE-BDA2-4BD6-A47D-36D8E5085DA4}.Debug|x64.Build.0 = Debug|x64
		{D51670BE-BDA2-4BD6-A47D-36D8E5085DA4}.Debug|x86.ActiveCfg = Debug|Win32
		{D51670BE-BDA2-4BD6-A47D-36D8E5085DA4}.Debug|x86.Build.0 = Debug|Win32
		{D51670BE-BDA2-4BD6-A47D-36D8E5085DA4}.Release|x64.ActiveCfg = Release|x64
		{D51670BE-BDA2-4BD6-A47D-36D8E5085DA4}.Release|x64.Build.0 = Release|x64
		{D51670BE-BDA2-4BD6-A47D-36D8E5085DA4}.Release|x86.ActiveCfg = Release|Win32
		{D51670BE-BDA2-4BD6-A47D-36D8E5085DA4}.Release|x86.Build.0 = Release|Win32
		{122F8A9E-6A60-4DCA-83E3-C9CC95FE3325}.Debug|x64.ActiveCfg = Debug|x64
		{122F8A9E-6A60-4DCA-83E3-C9CC95FE3325}.Debug|x64.Build.0 = Debug|x64
		{122F8A9E-6A60-4DCA-83E3-C9CC95FE3325}.Debug|x86.ActiveCfg = Debug|Win32
		{122F8A9E-6A60-4DCA-83E3-C9CC95FE3325}.Debug|x86.Build.0 = Debug|Win32
		{122F8A9E-6A60-4DCA-83E3-C9CC95FE3325}.Release|x64.ActiveCfg = Release|x64
		{122F8A9E-6A60-4DCA-83E3-C9CC95FE3325}.Release|x64.Build.0 = Release|x64
		{122F8A9E-6A60-4DCA-83E3-C9CC95FE3325}.Release|x86.ActiveCfg = Release|Win32
		{122F8A9E-6A60-4DCA-83E3-C9CC95FE3325}.Release|x86.Build.0 = Release|Win32
		{0C07346E-C0F5-4059-A911-84E1492B83A1}.Debug|x64.ActiveCfg = Debug|x64
		{0C07346E-C0F5-4059-A911-84E1492B83A1}.Debug|x64.Build.0 = Debug|x64
		{0C07346E-C0F5-4059-A911-84E1492B83A1}.Debug|x86.ActiveCfg = Debug|Win32
		{0C07346E-C0F5-4059-A911-84E1492B83A1}.Debug|x86.Build.0 = Debug|Win32
		{0C07346E-C0F5-4059-A911-84E1492B83A1}.Release|x64.ActiveCfg = Release|x64
		{0C07346E-C0F5-4059-A911-84E1492B83A1}.Release|x64.Build.0 = Release|x64
		{0C07346E-C0F5-4059-A911-84E1492B83A1}.Release|x86.ActiveCfg = Release|Win32
		{0C07346E-C0F5-4059-A911-84E1492B83A1}.Release|x86.Build.0 = Release|Win32
		{23D75AD0-7F9A-4B13-B2C8-8BD49230B54B}.Debug|x64.ActiveCfg = Debug|x64
		{23D75AD0-7F9A-4B13-B2C8-8BD49230B54B}.Debug|x64.Build.0 = Debug|x64
		{23D75AD0-7F9A-4B13-B2C8-8BD49230B54B}.Debug|x86.ActiveCfg = Debug|Win32
		{23D75AD0-7F9A-4B13-B2C8-8BD49230B54B}.Debug|x86.Build.0 = Debug|Win32
		{23D75AD0-7F9A-4B13-B2C8-8BD49230B54B}.Release|x64.ActiveCfg = Release|x64
		{23D75AD0-7F9A-4B13-B2C8-8BD49230B54B}.Release|x64.Build.0 = Release|x64
		{23D75AD0-7F9A-4B13-B2C8-8BD49230B54B}.Release|x86.ActiveCfg = Release|Win32
		{23D75AD0-7F9A-4B13-B2C8-8BD49230B54B}.Release|x86.Build.0 = Release|Win32
		{D3DCE8C6-5478-4A6C-81D0-495A804535D6}.Debug|x64.ActiveCfg = Debug|x64
		{D3DCE8C6-5478-4A6C-81D0-495A804535D6}.Debug|x64.Build.0 = Debug|x64
		{D3DCE8C6-5478-4A6C-81D0-495A804535D6}.Debug|x86.ActiveCfg = Debug|Win32
		{D3DCE8C6-5478-4A6C-81D0-495A804535D6}.Debug|x86.Build.0 = Debug|Win32
		{D3DCE8C6-5478-4A6C-81D0-495A804535D6}.Release|x64.ActiveCfg = Release|x64
		{D3DCE8C6-5478-4A6C-81D0-495A804535D6}.Release|x64.Build.0 = Release|x64
		{D3DCE8C6-5478-4A6C-81D0-495A804535D6}.Release|x86.ActiveCfg = Release|Win32
		{D3DCE8C6-5478-4A6C-81D0-495A804535D6}.Release|x86.Build.0 = Release|Win32
		{8053FF18-4620-4FE2-ADE8-D90D90C3A8DD}.Debug|x64.ActiveCfg = Debug|x64
		{8053FF18-4620-4FE2-ADE8-D90D90C3A8DD}.Debug|x64.Build.0 = Debug|x64
		{8053FF18-4620-4FE2-ADE8-D90D90C3A8DD}.Debug|x86.ActiveCfg = Debug|Win32
		{8053FF18-4620-4FE2-ADE8-D90D90C3A8DD}.Debug|x86.Build.0 = Debug|Win32
		{8053FF18-4620-4FE2-ADE8-D90D90C3A8DD}.Release|x64.ActiveCfg = Release|x64
		{8053FF18-4620-4FE2-ADE8-D90D90C3A8DD}.Release|x64.Build.0 = Release|x64
		{8053FF18-4620-4FE2-ADE8-D90D90C3A8DD}.Release|x86.ActiveCfg = Release|Win32
		{8053FF18-4620-4FE2-ADE8-D90D90C3A8DD}.Release|x86.Build.0 = Release|Win32
	EndGlobalSection
	GlobalSection(SolutionProperties) = preSolution
		HideSolutionNode = FALSE
	EndGlobalSection
	GlobalSection(ExtensibilityGlobals) = postSolution
		SolutionGuid = {9DF5296D-6F76-48A8-8855-A12379EE6D4D}
	EndGlobalSection
EndGlobal
